
Microsoft Visual Studio Solution File, Format Version 12.00
# Visual Studio Version 17
VisualStudioVersion = 17.0.31903.59
MinimumVisualStudioVersion = 10.0.40219.1
Project("{2150E333-8FDC-42A3-9474-1A3956D46DE8}") = "src", "src", "{827E0CD3-B72D-47B6-A68D-7590B98EB39B}"
EndProject
Project("{FAE04EC0-301F-11D3-BF4B-00C04F79EFBC}") = "Domain", "src\Domain\Domain.csproj", "{32DBDCD1-992B-4AD6-82FD-53C627F1B88D}"
EndProject
Project("{FAE04EC0-301F-11D3-BF4B-00C04F79EFBC}") = "Application", "src\Application\Application.csproj", "{89DDFD5F-B3A0-4575-8EAA-AA7CC56A1BE0}"
EndProject
Project("{FAE04EC0-301F-11D3-BF4B-00C04F79EFBC}") = "Infrastructure", "src\Infrastructure\Infrastructure.csproj", "{F41F51CC-E202-4F97-BB30-A23318CCE417}"
EndProject
Project("{FAE04EC0-301F-11D3-BF4B-00C04F79EFBC}") = "Api", "src\Api\Api.csproj", "{4508E013-1788-4F4C-B90A-B8C1B325F899}"
EndProject
Project("{FAE04EC0-301F-11D3-BF4B-00C04F79EFBC}") = "Functions", "src\Functions\Functions.csproj", "{7A8B9C0D-1E2F-3A4B-5C6D-7E8F9A0B1C2D}"
EndProject
Global
	GlobalSection(SolutionConfigurationPlatforms) = preSolution
		Debug|Any CPU = Debug|Any CPU
		Debug|x64 = Debug|x64
		Debug|x86 = Debug|x86
		Release|Any CPU = Release|Any CPU
		Release|x64 = Release|x64
		Release|x86 = Release|x86
	EndGlobalSection
	GlobalSection(ProjectConfigurationPlatforms) = postSolution
		{32DBDCD1-992B-4AD6-82FD-53C627F1B88D}.Debug|Any CPU.ActiveCfg = Debug|Any CPU
		{32DBDCD1-992B-4AD6-82FD-53C627F1B88D}.Debug|Any CPU.Build.0 = Debug|Any CPU
		{32DBDCD1-992B-4AD6-82FD-53C627F1B88D}.Debug|x64.ActiveCfg = Debug|Any CPU
		{32DBDCD1-992B-4AD6-82FD-53C627F1B88D}.Debug|x64.Build.0 = Debug|Any CPU
		{32DBDCD1-992B-4AD6-82FD-53C627F1B88D}.Debug|x86.ActiveCfg = Debug|Any CPU
		{32DBDCD1-992B-4AD6-82FD-53C627F1B88D}.Debug|x86.Build.0 = Debug|Any CPU
		{32DBDCD1-992B-4AD6-82FD-53C627F1B88D}.Release|Any CPU.ActiveCfg = Release|Any CPU
		{32DBDCD1-992B-4AD6-82FD-53C627F1B88D}.Release|Any CPU.Build.0 = Release|Any CPU
		{32DBDCD1-992B-4AD6-82FD-53C627F1B88D}.Release|x64.ActiveCfg = Release|Any CPU
		{32DBDCD1-992B-4AD6-82FD-53C627F1B88D}.Release|x64.Build.0 = Release|Any CPU
		{32DBDCD1-992B-4AD6-82FD-53C627F1B88D}.Release|x86.ActiveCfg = Release|Any CPU
		{32DBDCD1-992B-4AD6-82FD-53C627F1B88D}.Release|x86.Build.0 = Release|Any CPU
		{89DDFD5F-B3A0-4575-8EAA-AA7CC56A1BE0}.Debug|Any CPU.ActiveCfg = Debug|Any CPU
		{89DDFD5F-B3A0-4575-8EAA-AA7CC56A1BE0}.Debug|Any CPU.Build.0 = Debug|Any CPU
		{89DDFD5F-B3A0-4575-8EAA-AA7CC56A1BE0}.Debug|x64.ActiveCfg = Debug|Any CPU
		{89DDFD5F-B3A0-4575-8EAA-AA7CC56A1BE0}.Debug|x64.Build.0 = Debug|Any CPU
		{89DDFD5F-B3A0-4575-8EAA-AA7CC56A1BE0}.Debug|x86.ActiveCfg = Debug|Any CPU
		{89DDFD5F-B3A0-4575-8EAA-AA7CC56A1BE0}.Debug|x86.Build.0 = Debug|Any CPU
		{89DDFD5F-B3A0-4575-8EAA-AA7CC56A1BE0}.Release|Any CPU.ActiveCfg = Release|Any CPU
		{89DDFD5F-B3A0-4575-8EAA-AA7CC56A1BE0}.Release|Any CPU.Build.0 = Release|Any CPU
		{89DDFD5F-B3A0-4575-8EAA-AA7CC56A1BE0}.Release|x64.ActiveCfg = Release|Any CPU
		{89DDFD5F-B3A0-4575-8EAA-AA7CC56A1BE0}.Release|x64.Build.0 = Release|Any CPU
		{89DDFD5F-B3A0-4575-8EAA-AA7CC56A1BE0}.Release|x86.ActiveCfg = Release|Any CPU
		{89DDFD5F-B3A0-4575-8EAA-AA7CC56A1BE0}.Release|x86.Build.0 = Release|Any CPU
		{F41F51CC-E202-4F97-BB30-A23318CCE417}.Debug|Any CPU.ActiveCfg = Debug|Any CPU
		{F41F51CC-E202-4F97-BB30-A23318CCE417}.Debug|Any CPU.Build.0 = Debug|Any CPU
		{F41F51CC-E202-4F97-BB30-A23318CCE417}.Debug|x64.ActiveCfg = Debug|Any CPU
		{F41F51CC-E202-4F97-BB30-A23318CCE417}.Debug|x64.Build.0 = Debug|Any CPU
		{F41F51CC-E202-4F97-BB30-A23318CCE417}.Debug|x86.ActiveCfg = Debug|Any CPU
		{F41F51CC-E202-4F97-BB30-A23318CCE417}.Debug|x86.Build.0 = Debug|Any CPU
		{F41F51CC-E202-4F97-BB30-A23318CCE417}.Release|Any CPU.ActiveCfg = Release|Any CPU
		{F41F51CC-E202-4F97-BB30-A23318CCE417}.Release|Any CPU.Build.0 = Release|Any CPU
		{F41F51CC-E202-4F97-BB30-A23318CCE417}.Release|x64.ActiveCfg = Release|Any CPU
		{F41F51CC-E202-4F97-BB30-A23318CCE417}.Release|x64.Build.0 = Release|Any CPU
		{F41F51CC-E202-4F97-BB30-A23318CCE417}.Release|x86.ActiveCfg = Release|Any CPU
		{F41F51CC-E202-4F97-BB30-A23318CCE417}.Release|x86.Build.0 = Release|Any CPU
		{4508E013-1788-4F4C-B90A-B8C1B325F899}.Debug|Any CPU.ActiveCfg = Debug|Any CPU
		{4508E013-1788-4F4C-B90A-B8C1B325F899}.Debug|Any CPU.Build.0 = Debug|Any CPU
		{4508E013-1788-4F4C-B90A-B8C1B325F899}.Debug|x64.ActiveCfg = Debug|Any CPU
		{4508E013-1788-4F4C-B90A-B8C1B325F899}.Debug|x64.Build.0 = Debug|Any CPU
		{4508E013-1788-4F4C-B90A-B8C1B325F899}.Debug|x86.ActiveCfg = Debug|Any CPU
		{4508E013-1788-4F4C-B90A-B8C1B325F899}.Debug|x86.Build.0 = Debug|Any CPU
		{4508E013-1788-4F4C-B90A-B8C1B325F899}.Release|Any CPU.ActiveCfg = Release|Any CPU
		{4508E013-1788-4F4C-B90A-B8C1B325F899}.Release|Any CPU.Build.0 = Release|Any CPU
		{4508E013-1788-4F4C-B90A-B8C1B325F899}.Release|x64.ActiveCfg = Release|Any CPU
		{4508E013-1788-4F4C-B90A-B8C1B325F899}.Release|x64.Build.0 = Release|Any CPU
		{4508E013-1788-4F4C-B90A-B8C1B325F899}.Release|x86.ActiveCfg = Release|Any CPU
		{4508E013-1788-4F4C-B90A-B8C1B325F899}.Release|x86.Build.0 = Release|Any CPU
		{7A8B9C0D-1E2F-3A4B-5C6D-7E8F9A0B1C2D}.Debug|Any CPU.ActiveCfg = Debug|Any CPU
		{7A8B9C0D-1E2F-3A4B-5C6D-7E8F9A0B1C2D}.Debug|Any CPU.Build.0 = Debug|Any CPU
		{7A8B9C0D-1E2F-3A4B-5C6D-7E8F9A0B1C2D}.Debug|x64.ActiveCfg = Debug|Any CPU
		{7A8B9C0D-1E2F-3A4B-5C6D-7E8F9A0B1C2D}.Debug|x64.Build.0 = Debug|Any CPU
		{7A8B9C0D-1E2F-3A4B-5C6D-7E8F9A0B1C2D}.Debug|x86.ActiveCfg = Debug|Any CPU
		{7A8B9C0D-1E2F-3A4B-5C6D-7E8F9A0B1C2D}.Debug|x86.Build.0 = Debug|Any CPU
		{7A8B9C0D-1E2F-3A4B-5C6D-7E8F9A0B1C2D}.Release|Any CPU.ActiveCfg = Release|Any CPU
		{7A8B9C0D-1E2F-3A4B-5C6D-7E8F9A0B1C2D}.Release|Any CPU.Build.0 = Release|Any CPU
		{7A8B9C0D-1E2F-3A4B-5C6D-7E8F9A0B1C2D}.Release|x64.ActiveCfg = Release|Any CPU
		{7A8B9C0D-1E2F-3A4B-5C6D-7E8F9A0B1C2D}.Release|x64.Build.0 = Release|Any CPU
		{7A8B9C0D-1E2F-3A4B-5C6D-7E8F9A0B1C2D}.Release|x86.ActiveCfg = Release|Any CPU
		{7A8B9C0D-1E2F-3A4B-5C6D-7E8F9A0B1C2D}.Release|x86.Build.0 = Release|Any CPU
	EndGlobalSection
	GlobalSection(SolutionProperties) = preSolution
		HideSolutionNode = FALSE
	EndGlobalSection
	GlobalSection(NestedProjects) = preSolution
		{32DBDCD1-992B-4AD6-82FD-53C627F1B88D} = {827E0CD3-B72D-47B6-A68D-7590B98EB39B}
		{89DDFD5F-B3A0-4575-8EAA-AA7CC56A1BE0} = {827E0CD3-B72D-47B6-A68D-7590B98EB39B}
		{F41F51CC-E202-4F97-BB30-A23318CCE417} = {827E0CD3-B72D-47B6-A68D-7590B98EB39B}
		{4508E013-1788-4F4C-B90A-B8C1B325F899} = {827E0CD3-B72D-47B6-A68D-7590B98EB39B}
		{7A8B9C0D-1E2F-3A4B-5C6D-7E8F9A0B1C2D} = {827E0CD3-B72D-47B6-A68D-7590B98EB39B}
	EndGlobalSection
EndGlobal
